
Microsoft Visual Studio Solution File, Format Version 12.00
# Visual Studio 15
Project("{FAE04EC0-301F-11D3-BF4B-00C04F79EFBC}") = "MovieApp.Android", "MovieApp.Android\MovieApp.Android.csproj", "{D914DAD9-A644-4FA6-B5A2-93B6C641B3C4}"
EndProject
Project("{FAE04EC0-301F-11D3-BF4B-00C04F79EFBC}") = "MovieApp.iOS", "MovieApp.iOS\MovieApp.iOS.csproj", "{4FAE9AEB-7504-4AC6-9030-4D27E7D62282}"
EndProject
Project("{FAE04EC0-301F-11D3-BF4B-00C04F79EFBC}") = "MovieApp", "MovieApp\MovieApp.csproj", "{45EA2125-A789-4AE7-A534-5EB1C62F846D}"
EndProject
Global
	GlobalSection(SolutionConfigurationPlatforms) = preSolution
		Debug|Any CPU = Debug|Any CPU
		Release|Any CPU = Release|Any CPU
		Debug|iPhoneSimulator = Debug|iPhoneSimulator
		Release|iPhoneSimulator = Release|iPhoneSimulator
		Debug|iPhone = Debug|iPhone
		Release|iPhone = Release|iPhone
	EndGlobalSection
	GlobalSection(ProjectConfigurationPlatforms) = postSolution
		{D914DAD9-A644-4FA6-B5A2-93B6C641B3C4}.Debug|Any CPU.ActiveCfg = Debug|Any CPU
		{D914DAD9-A644-4FA6-B5A2-93B6C641B3C4}.Debug|Any CPU.Build.0 = Debug|Any CPU
		{D914DAD9-A644-4FA6-B5A2-93B6C641B3C4}.Release|Any CPU.ActiveCfg = Release|Any CPU
		{D914DAD9-A644-4FA6-B5A2-93B6C641B3C4}.Release|Any CPU.Build.0 = Release|Any CPU
		{D914DAD9-A644-4FA6-B5A2-93B6C641B3C4}.Debug|iPhoneSimulator.ActiveCfg = Debug|Any CPU
		{D914DAD9-A644-4FA6-B5A2-93B6C641B3C4}.Debug|iPhoneSimulator.Build.0 = Debug|Any CPU
		{D914DAD9-A644-4FA6-B5A2-93B6C641B3C4}.Release|iPhoneSimulator.ActiveCfg = Release|Any CPU
		{D914DAD9-A644-4FA6-B5A2-93B6C641B3C4}.Release|iPhoneSimulator.Build.0 = Release|Any CPU
		{D914DAD9-A644-4FA6-B5A2-93B6C641B3C4}.Debug|iPhone.ActiveCfg = Debug|Any CPU
		{D914DAD9-A644-4FA6-B5A2-93B6C641B3C4}.Debug|iPhone.Build.0 = Debug|Any CPU
		{D914DAD9-A644-4FA6-B5A2-93B6C641B3C4}.Release|iPhone.ActiveCfg = Release|Any CPU
		{D914DAD9-A644-4FA6-B5A2-93B6C641B3C4}.Release|iPhone.Build.0 = Release|Any CPU
		{4FAE9AEB-7504-4AC6-9030-4D27E7D62282}.Debug|Any CPU.ActiveCfg = Debug|iPhoneSimulator
		{4FAE9AEB-7504-4AC6-9030-4D27E7D62282}.Debug|Any CPU.Build.0 = Debug|iPhoneSimulator
		{4FAE9AEB-7504-4AC6-9030-4D27E7D62282}.Release|Any CPU.ActiveCfg = Release|iPhoneSimulator
		{4FAE9AEB-7504-4AC6-9030-4D27E7D62282}.Release|Any CPU.Build.0 = Release|iPhoneSimulator
		{4FAE9AEB-7504-4AC6-9030-4D27E7D62282}.Debug|iPhoneSimulator.ActiveCfg = Debug|iPhoneSimulator
		{4FAE9AEB-7504-4AC6-9030-4D27E7D62282}.Debug|iPhoneSimulator.Build.0 = Debug|iPhoneSimulator
		{4FAE9AEB-7504-4AC6-9030-4D27E7D62282}.Release|iPhoneSimulator.ActiveCfg = Release|iPhoneSimulator
		{4FAE9AEB-7504-4AC6-9030-4D27E7D62282}.Release|iPhoneSimulator.Build.0 = Release|iPhoneSimulator
		{4FAE9AEB-7504-4AC6-9030-4D27E7D62282}.Debug|iPhone.ActiveCfg = Debug|iPhone
		{4FAE9AEB-7504-4AC6-9030-4D27E7D62282}.Debug|iPhone.Build.0 = Debug|iPhone
		{4FAE9AEB-7504-4AC6-9030-4D27E7D62282}.Release|iPhone.ActiveCfg = Release|iPhone
		{4FAE9AEB-7504-4AC6-9030-4D27E7D62282}.Release|iPhone.Build.0 = Release|iPhone
		{45EA2125-A789-4AE7-A534-5EB1C62F846D}.Debug|Any CPU.ActiveCfg = Debug|Any CPU
		{45EA2125-A789-4AE7-A534-5EB1C62F846D}.Debug|Any CPU.Build.0 = Debug|Any CPU
		{45EA2125-A789-4AE7-A534-5EB1C62F846D}.Release|Any CPU.ActiveCfg = Release|Any CPU
		{45EA2125-A789-4AE7-A534-5EB1C62F846D}.Release|Any CPU.Build.0 = Release|Any CPU
		{45EA2125-A789-4AE7-A534-5EB1C62F846D}.Debug|iPhoneSimulator.ActiveCfg = Debug|Any CPU
		{45EA2125-A789-4AE7-A534-5EB1C62F846D}.Debug|iPhoneSimulator.Build.0 = Debug|Any CPU
		{45EA2125-A789-4AE7-A534-5EB1C62F846D}.Release|iPhoneSimulator.ActiveCfg = Release|Any CPU
		{45EA2125-A789-4AE7-A534-5EB1C62F846D}.Release|iPhoneSimulator.Build.0 = Release|Any CPU
		{45EA2125-A789-4AE7-A534-5EB1C62F846D}.Debug|iPhone.ActiveCfg = Debug|Any CPU
		{45EA2125-A789-4AE7-A534-5EB1C62F846D}.Debug|iPhone.Build.0 = Debug|Any CPU
		{45EA2125-A789-4AE7-A534-5EB1C62F846D}.Release|iPhone.ActiveCfg = Release|Any CPU
		{45EA2125-A789-4AE7-A534-5EB1C62F846D}.Release|iPhone.Build.0 = Release|Any CPU
	EndGlobalSection
EndGlobal
