
Microsoft Visual Studio Solution File, Format Version 12.00
# Visual Studio 2012
Project("{FAE04EC0-301F-11D3-BF4B-00C04F79EFBC}") = "DateNight", "DateNight\DateNight.csproj", "{06687D7F-884C-4454-BE12-E37241DED559}"
EndProject
Project("{FAE04EC0-301F-11D3-BF4B-00C04F79EFBC}") = "DateNight.iOS", "iOS\DateNight.iOS.csproj", "{4919FCC1-E9E3-4DCD-A862-4E6E0DA10F01}"
EndProject
Project("{FAE04EC0-301F-11D3-BF4B-00C04F79EFBC}") = "DateNight.Droid", "Droid\DateNight.Droid.csproj", "{DA582106-7EE2-4B63-908D-241D231A789C}"
EndProject
Global
	GlobalSection(SolutionConfigurationPlatforms) = preSolution
		Debug|Any CPU = Debug|Any CPU
		Release|Any CPU = Release|Any CPU
		Debug|iPhoneSimulator = Debug|iPhoneSimulator
		Release|iPhone = Release|iPhone
		Release|iPhoneSimulator = Release|iPhoneSimulator
		Debug|iPhone = Debug|iPhone
	EndGlobalSection
	GlobalSection(ProjectConfigurationPlatforms) = postSolution
		{06687D7F-884C-4454-BE12-E37241DED559}.Debug|Any CPU.ActiveCfg = Debug|Any CPU
		{06687D7F-884C-4454-BE12-E37241DED559}.Debug|Any CPU.Build.0 = Debug|Any CPU
		{06687D7F-884C-4454-BE12-E37241DED559}.Release|Any CPU.ActiveCfg = Release|Any CPU
		{06687D7F-884C-4454-BE12-E37241DED559}.Release|Any CPU.Build.0 = Release|Any CPU
		{06687D7F-884C-4454-BE12-E37241DED559}.Debug|iPhoneSimulator.ActiveCfg = Debug|Any CPU
		{06687D7F-884C-4454-BE12-E37241DED559}.Debug|iPhoneSimulator.Build.0 = Debug|Any CPU
		{06687D7F-884C-4454-BE12-E37241DED559}.Release|iPhone.ActiveCfg = Release|Any CPU
		{06687D7F-884C-4454-BE12-E37241DED559}.Release|iPhone.Build.0 = Release|Any CPU
		{06687D7F-884C-4454-BE12-E37241DED559}.Release|iPhoneSimulator.ActiveCfg = Release|Any CPU
		{06687D7F-884C-4454-BE12-E37241DED559}.Release|iPhoneSimulator.Build.0 = Release|Any CPU
		{06687D7F-884C-4454-BE12-E37241DED559}.Debug|iPhone.ActiveCfg = Debug|Any CPU
		{06687D7F-884C-4454-BE12-E37241DED559}.Debug|iPhone.Build.0 = Debug|Any CPU
		{4919FCC1-E9E3-4DCD-A862-4E6E0DA10F01}.Debug|Any CPU.ActiveCfg = Debug|iPhoneSimulator
		{4919FCC1-E9E3-4DCD-A862-4E6E0DA10F01}.Debug|Any CPU.Build.0 = Debug|iPhoneSimulator
		{4919FCC1-E9E3-4DCD-A862-4E6E0DA10F01}.Release|Any CPU.ActiveCfg = Release|iPhone
		{4919FCC1-E9E3-4DCD-A862-4E6E0DA10F01}.Release|Any CPU.Build.0 = Release|iPhone
		{4919FCC1-E9E3-4DCD-A862-4E6E0DA10F01}.Debug|iPhoneSimulator.ActiveCfg = Debug|iPhoneSimulator
		{4919FCC1-E9E3-4DCD-A862-4E6E0DA10F01}.Debug|iPhoneSimulator.Build.0 = Debug|iPhoneSimulator
		{4919FCC1-E9E3-4DCD-A862-4E6E0DA10F01}.Release|iPhone.ActiveCfg = Release|iPhone
		{4919FCC1-E9E3-4DCD-A862-4E6E0DA10F01}.Release|iPhone.Build.0 = Release|iPhone
		{4919FCC1-E9E3-4DCD-A862-4E6E0DA10F01}.Release|iPhoneSimulator.ActiveCfg = Release|iPhoneSimulator
		{4919FCC1-E9E3-4DCD-A862-4E6E0DA10F01}.Release|iPhoneSimulator.Build.0 = Release|iPhoneSimulator
		{4919FCC1-E9E3-4DCD-A862-4E6E0DA10F01}.Debug|iPhone.ActiveCfg = Debug|iPhone
		{4919FCC1-E9E3-4DCD-A862-4E6E0DA10F01}.Debug|iPhone.Build.0 = Debug|iPhone
		{DA582106-7EE2-4B63-908D-241D231A789C}.Debug|Any CPU.ActiveCfg = Debug|Any CPU
		{DA582106-7EE2-4B63-908D-241D231A789C}.Debug|Any CPU.Build.0 = Debug|Any CPU
		{DA582106-7EE2-4B63-908D-241D231A789C}.Release|Any CPU.ActiveCfg = Release|Any CPU
		{DA582106-7EE2-4B63-908D-241D231A789C}.Release|Any CPU.Build.0 = Release|Any CPU
		{DA582106-7EE2-4B63-908D-241D231A789C}.Debug|iPhoneSimulator.ActiveCfg = Debug|Any CPU
		{DA582106-7EE2-4B63-908D-241D231A789C}.Debug|iPhoneSimulator.Build.0 = Debug|Any CPU
		{DA582106-7EE2-4B63-908D-241D231A789C}.Release|iPhone.ActiveCfg = Release|Any CPU
		{DA582106-7EE2-4B63-908D-241D231A789C}.Release|iPhone.Build.0 = Release|Any CPU
		{DA582106-7EE2-4B63-908D-241D231A789C}.Release|iPhoneSimulator.ActiveCfg = Release|Any CPU
		{DA582106-7EE2-4B63-908D-241D231A789C}.Release|iPhoneSimulator.Build.0 = Release|Any CPU
		{DA582106-7EE2-4B63-908D-241D231A789C}.Debug|iPhone.ActiveCfg = Debug|Any CPU
		{DA582106-7EE2-4B63-908D-241D231A789C}.Debug|iPhone.Build.0 = Debug|Any CPU
	EndGlobalSection
EndGlobal
