
Microsoft Visual Studio Solution File, Format Version 12.00
# Visual Studio 2012
Project("{FAE04EC0-301F-11D3-BF4B-00C04F79EFBC}") = "TimerPro", "TimerPro\TimerPro.csproj", "{8418A4D6-C3D0-46FB-AC05-F29F6AEC0EDB}"
EndProject
Project("{FAE04EC0-301F-11D3-BF4B-00C04F79EFBC}") = "TimerPro.iOS", "iOS\TimerPro.iOS.csproj", "{7F0CD751-E16B-4433-8F3F-2CC5D9A2F95A}"
EndProject
Project("{FAE04EC0-301F-11D3-BF4B-00C04F79EFBC}") = "TimerPro.Droid", "Droid\TimerPro.Droid.csproj", "{BE734EBE-EA96-4487-B382-C755800FD0DE}"
EndProject
Global
	GlobalSection(SolutionConfigurationPlatforms) = preSolution
		Debug|Any CPU = Debug|Any CPU
		Release|Any CPU = Release|Any CPU
		Debug|iPhoneSimulator = Debug|iPhoneSimulator
		Release|iPhone = Release|iPhone
		Release|iPhoneSimulator = Release|iPhoneSimulator
		Debug|iPhone = Debug|iPhone
	EndGlobalSection
	GlobalSection(ProjectConfigurationPlatforms) = postSolution
		{8418A4D6-C3D0-46FB-AC05-F29F6AEC0EDB}.Debug|Any CPU.ActiveCfg = Debug|Any CPU
		{8418A4D6-C3D0-46FB-AC05-F29F6AEC0EDB}.Debug|Any CPU.Build.0 = Debug|Any CPU
		{8418A4D6-C3D0-46FB-AC05-F29F6AEC0EDB}.Release|Any CPU.ActiveCfg = Release|Any CPU
		{8418A4D6-C3D0-46FB-AC05-F29F6AEC0EDB}.Release|Any CPU.Build.0 = Release|Any CPU
		{8418A4D6-C3D0-46FB-AC05-F29F6AEC0EDB}.Debug|iPhoneSimulator.ActiveCfg = Debug|Any CPU
		{8418A4D6-C3D0-46FB-AC05-F29F6AEC0EDB}.Debug|iPhoneSimulator.Build.0 = Debug|Any CPU
		{8418A4D6-C3D0-46FB-AC05-F29F6AEC0EDB}.Release|iPhone.ActiveCfg = Release|Any CPU
		{8418A4D6-C3D0-46FB-AC05-F29F6AEC0EDB}.Release|iPhone.Build.0 = Release|Any CPU
		{8418A4D6-C3D0-46FB-AC05-F29F6AEC0EDB}.Release|iPhoneSimulator.ActiveCfg = Release|Any CPU
		{8418A4D6-C3D0-46FB-AC05-F29F6AEC0EDB}.Release|iPhoneSimulator.Build.0 = Release|Any CPU
		{8418A4D6-C3D0-46FB-AC05-F29F6AEC0EDB}.Debug|iPhone.ActiveCfg = Debug|Any CPU
		{8418A4D6-C3D0-46FB-AC05-F29F6AEC0EDB}.Debug|iPhone.Build.0 = Debug|Any CPU
		{7F0CD751-E16B-4433-8F3F-2CC5D9A2F95A}.Debug|Any CPU.ActiveCfg = Debug|iPhoneSimulator
		{7F0CD751-E16B-4433-8F3F-2CC5D9A2F95A}.Debug|Any CPU.Build.0 = Debug|iPhoneSimulator
		{7F0CD751-E16B-4433-8F3F-2CC5D9A2F95A}.Release|Any CPU.ActiveCfg = Release|iPhone
		{7F0CD751-E16B-4433-8F3F-2CC5D9A2F95A}.Release|Any CPU.Build.0 = Release|iPhone
		{7F0CD751-E16B-4433-8F3F-2CC5D9A2F95A}.Debug|iPhoneSimulator.ActiveCfg = Debug|iPhoneSimulator
		{7F0CD751-E16B-4433-8F3F-2CC5D9A2F95A}.Debug|iPhoneSimulator.Build.0 = Debug|iPhoneSimulator
		{7F0CD751-E16B-4433-8F3F-2CC5D9A2F95A}.Release|iPhone.ActiveCfg = Release|iPhone
		{7F0CD751-E16B-4433-8F3F-2CC5D9A2F95A}.Release|iPhone.Build.0 = Release|iPhone
		{7F0CD751-E16B-4433-8F3F-2CC5D9A2F95A}.Release|iPhoneSimulator.ActiveCfg = Release|iPhoneSimulator
		{7F0CD751-E16B-4433-8F3F-2CC5D9A2F95A}.Release|iPhoneSimulator.Build.0 = Release|iPhoneSimulator
		{7F0CD751-E16B-4433-8F3F-2CC5D9A2F95A}.Debug|iPhone.ActiveCfg = Debug|iPhone
		{7F0CD751-E16B-4433-8F3F-2CC5D9A2F95A}.Debug|iPhone.Build.0 = Debug|iPhone
		{BE734EBE-EA96-4487-B382-C755800FD0DE}.Debug|Any CPU.ActiveCfg = Debug|Any CPU
		{BE734EBE-EA96-4487-B382-C755800FD0DE}.Debug|Any CPU.Build.0 = Debug|Any CPU
		{BE734EBE-EA96-4487-B382-C755800FD0DE}.Release|Any CPU.ActiveCfg = Release|Any CPU
		{BE734EBE-EA96-4487-B382-C755800FD0DE}.Release|Any CPU.Build.0 = Release|Any CPU
		{BE734EBE-EA96-4487-B382-C755800FD0DE}.Debug|iPhoneSimulator.ActiveCfg = Debug|Any CPU
		{BE734EBE-EA96-4487-B382-C755800FD0DE}.Debug|iPhoneSimulator.Build.0 = Debug|Any CPU
		{BE734EBE-EA96-4487-B382-C755800FD0DE}.Release|iPhone.ActiveCfg = Release|Any CPU
		{BE734EBE-EA96-4487-B382-C755800FD0DE}.Release|iPhone.Build.0 = Release|Any CPU
		{BE734EBE-EA96-4487-B382-C755800FD0DE}.Release|iPhoneSimulator.ActiveCfg = Release|Any CPU
		{BE734EBE-EA96-4487-B382-C755800FD0DE}.Release|iPhoneSimulator.Build.0 = Release|Any CPU
		{BE734EBE-EA96-4487-B382-C755800FD0DE}.Debug|iPhone.ActiveCfg = Debug|Any CPU
		{BE734EBE-EA96-4487-B382-C755800FD0DE}.Debug|iPhone.Build.0 = Debug|Any CPU
	EndGlobalSection
EndGlobal
