
Microsoft Visual Studio Solution File, Format Version 12.00
# Visual Studio 2012
Project("{FAE04EC0-301F-11D3-BF4B-00C04F79EFBC}") = "Runathon", "Runathon\Runathon.csproj", "{542C0340-1595-4B93-9655-9336C6CEC72B}"
EndProject
Project("{FAE04EC0-301F-11D3-BF4B-00C04F79EFBC}") = "Runathon.iOS", "iOS\Runathon.iOS.csproj", "{91E0316E-FB16-4EEA-B06F-037A494E7456}"
EndProject
Project("{FAE04EC0-301F-11D3-BF4B-00C04F79EFBC}") = "Runathon.Droid", "Droid\Runathon.Droid.csproj", "{762B64A5-112F-48C6-B18B-D4F011EDEF8C}"
EndProject
Global
	GlobalSection(SolutionConfigurationPlatforms) = preSolution
		Debug|Any CPU = Debug|Any CPU
		Release|Any CPU = Release|Any CPU
		Debug|iPhoneSimulator = Debug|iPhoneSimulator
		Release|iPhone = Release|iPhone
		Release|iPhoneSimulator = Release|iPhoneSimulator
		Debug|iPhone = Debug|iPhone
	EndGlobalSection
	GlobalSection(ProjectConfigurationPlatforms) = postSolution
		{542C0340-1595-4B93-9655-9336C6CEC72B}.Debug|Any CPU.ActiveCfg = Debug|Any CPU
		{542C0340-1595-4B93-9655-9336C6CEC72B}.Debug|Any CPU.Build.0 = Debug|Any CPU
		{542C0340-1595-4B93-9655-9336C6CEC72B}.Release|Any CPU.ActiveCfg = Release|Any CPU
		{542C0340-1595-4B93-9655-9336C6CEC72B}.Release|Any CPU.Build.0 = Release|Any CPU
		{542C0340-1595-4B93-9655-9336C6CEC72B}.Debug|iPhoneSimulator.ActiveCfg = Debug|Any CPU
		{542C0340-1595-4B93-9655-9336C6CEC72B}.Debug|iPhoneSimulator.Build.0 = Debug|Any CPU
		{542C0340-1595-4B93-9655-9336C6CEC72B}.Release|iPhone.ActiveCfg = Release|Any CPU
		{542C0340-1595-4B93-9655-9336C6CEC72B}.Release|iPhone.Build.0 = Release|Any CPU
		{542C0340-1595-4B93-9655-9336C6CEC72B}.Release|iPhoneSimulator.ActiveCfg = Release|Any CPU
		{542C0340-1595-4B93-9655-9336C6CEC72B}.Release|iPhoneSimulator.Build.0 = Release|Any CPU
		{542C0340-1595-4B93-9655-9336C6CEC72B}.Debug|iPhone.ActiveCfg = Debug|Any CPU
		{542C0340-1595-4B93-9655-9336C6CEC72B}.Debug|iPhone.Build.0 = Debug|Any CPU
		{91E0316E-FB16-4EEA-B06F-037A494E7456}.Debug|Any CPU.ActiveCfg = Debug|iPhoneSimulator
		{91E0316E-FB16-4EEA-B06F-037A494E7456}.Debug|Any CPU.Build.0 = Debug|iPhoneSimulator
		{91E0316E-FB16-4EEA-B06F-037A494E7456}.Release|Any CPU.ActiveCfg = Release|iPhone
		{91E0316E-FB16-4EEA-B06F-037A494E7456}.Release|Any CPU.Build.0 = Release|iPhone
		{91E0316E-FB16-4EEA-B06F-037A494E7456}.Debug|iPhoneSimulator.ActiveCfg = Debug|iPhoneSimulator
		{91E0316E-FB16-4EEA-B06F-037A494E7456}.Debug|iPhoneSimulator.Build.0 = Debug|iPhoneSimulator
		{91E0316E-FB16-4EEA-B06F-037A494E7456}.Release|iPhone.ActiveCfg = Release|iPhone
		{91E0316E-FB16-4EEA-B06F-037A494E7456}.Release|iPhone.Build.0 = Release|iPhone
		{91E0316E-FB16-4EEA-B06F-037A494E7456}.Release|iPhoneSimulator.ActiveCfg = Release|iPhoneSimulator
		{91E0316E-FB16-4EEA-B06F-037A494E7456}.Release|iPhoneSimulator.Build.0 = Release|iPhoneSimulator
		{91E0316E-FB16-4EEA-B06F-037A494E7456}.Debug|iPhone.ActiveCfg = Debug|iPhone
		{91E0316E-FB16-4EEA-B06F-037A494E7456}.Debug|iPhone.Build.0 = Debug|iPhone
		{762B64A5-112F-48C6-B18B-D4F011EDEF8C}.Debug|Any CPU.ActiveCfg = Debug|Any CPU
		{762B64A5-112F-48C6-B18B-D4F011EDEF8C}.Debug|Any CPU.Build.0 = Debug|Any CPU
		{762B64A5-112F-48C6-B18B-D4F011EDEF8C}.Release|Any CPU.ActiveCfg = Release|Any CPU
		{762B64A5-112F-48C6-B18B-D4F011EDEF8C}.Release|Any CPU.Build.0 = Release|Any CPU
		{762B64A5-112F-48C6-B18B-D4F011EDEF8C}.Debug|iPhoneSimulator.ActiveCfg = Debug|Any CPU
		{762B64A5-112F-48C6-B18B-D4F011EDEF8C}.Debug|iPhoneSimulator.Build.0 = Debug|Any CPU
		{762B64A5-112F-48C6-B18B-D4F011EDEF8C}.Release|iPhone.ActiveCfg = Release|Any CPU
		{762B64A5-112F-48C6-B18B-D4F011EDEF8C}.Release|iPhone.Build.0 = Release|Any CPU
		{762B64A5-112F-48C6-B18B-D4F011EDEF8C}.Release|iPhoneSimulator.ActiveCfg = Release|Any CPU
		{762B64A5-112F-48C6-B18B-D4F011EDEF8C}.Release|iPhoneSimulator.Build.0 = Release|Any CPU
		{762B64A5-112F-48C6-B18B-D4F011EDEF8C}.Debug|iPhone.ActiveCfg = Debug|Any CPU
		{762B64A5-112F-48C6-B18B-D4F011EDEF8C}.Debug|iPhone.Build.0 = Debug|Any CPU
	EndGlobalSection
EndGlobal
