
Microsoft Visual Studio Solution File, Format Version 12.00
# Visual Studio 2012
Project("{FAE04EC0-301F-11D3-BF4B-00C04F79EFBC}") = "DateNite", "DateNite\DateNite.csproj", "{BB401BEC-0B76-4693-AB83-51AC1C53E375}"
EndProject
Project("{FAE04EC0-301F-11D3-BF4B-00C04F79EFBC}") = "DateNite.iOS", "iOS\DateNite.iOS.csproj", "{08E3C478-6E0F-45D3-8E9C-09D116578C78}"
EndProject
Project("{FAE04EC0-301F-11D3-BF4B-00C04F79EFBC}") = "DateNite.Droid", "Droid\DateNite.Droid.csproj", "{2C869323-389A-4930-9403-E174F6D11BBC}"
EndProject
Global
	GlobalSection(SolutionConfigurationPlatforms) = preSolution
		Debug|Any CPU = Debug|Any CPU
		Release|Any CPU = Release|Any CPU
		Debug|iPhoneSimulator = Debug|iPhoneSimulator
		Release|iPhone = Release|iPhone
		Release|iPhoneSimulator = Release|iPhoneSimulator
		Debug|iPhone = Debug|iPhone
	EndGlobalSection
	GlobalSection(ProjectConfigurationPlatforms) = postSolution
		{BB401BEC-0B76-4693-AB83-51AC1C53E375}.Debug|Any CPU.ActiveCfg = Debug|Any CPU
		{BB401BEC-0B76-4693-AB83-51AC1C53E375}.Debug|Any CPU.Build.0 = Debug|Any CPU
		{BB401BEC-0B76-4693-AB83-51AC1C53E375}.Release|Any CPU.ActiveCfg = Release|Any CPU
		{BB401BEC-0B76-4693-AB83-51AC1C53E375}.Release|Any CPU.Build.0 = Release|Any CPU
		{BB401BEC-0B76-4693-AB83-51AC1C53E375}.Debug|iPhoneSimulator.ActiveCfg = Debug|Any CPU
		{BB401BEC-0B76-4693-AB83-51AC1C53E375}.Debug|iPhoneSimulator.Build.0 = Debug|Any CPU
		{BB401BEC-0B76-4693-AB83-51AC1C53E375}.Release|iPhone.ActiveCfg = Release|Any CPU
		{BB401BEC-0B76-4693-AB83-51AC1C53E375}.Release|iPhone.Build.0 = Release|Any CPU
		{BB401BEC-0B76-4693-AB83-51AC1C53E375}.Release|iPhoneSimulator.ActiveCfg = Release|Any CPU
		{BB401BEC-0B76-4693-AB83-51AC1C53E375}.Release|iPhoneSimulator.Build.0 = Release|Any CPU
		{BB401BEC-0B76-4693-AB83-51AC1C53E375}.Debug|iPhone.ActiveCfg = Debug|Any CPU
		{BB401BEC-0B76-4693-AB83-51AC1C53E375}.Debug|iPhone.Build.0 = Debug|Any CPU
		{08E3C478-6E0F-45D3-8E9C-09D116578C78}.Debug|Any CPU.ActiveCfg = Debug|iPhoneSimulator
		{08E3C478-6E0F-45D3-8E9C-09D116578C78}.Debug|Any CPU.Build.0 = Debug|iPhoneSimulator
		{08E3C478-6E0F-45D3-8E9C-09D116578C78}.Release|Any CPU.ActiveCfg = Release|iPhone
		{08E3C478-6E0F-45D3-8E9C-09D116578C78}.Release|Any CPU.Build.0 = Release|iPhone
		{08E3C478-6E0F-45D3-8E9C-09D116578C78}.Debug|iPhoneSimulator.ActiveCfg = Debug|iPhoneSimulator
		{08E3C478-6E0F-45D3-8E9C-09D116578C78}.Debug|iPhoneSimulator.Build.0 = Debug|iPhoneSimulator
		{08E3C478-6E0F-45D3-8E9C-09D116578C78}.Release|iPhone.ActiveCfg = Release|iPhone
		{08E3C478-6E0F-45D3-8E9C-09D116578C78}.Release|iPhone.Build.0 = Release|iPhone
		{08E3C478-6E0F-45D3-8E9C-09D116578C78}.Release|iPhoneSimulator.ActiveCfg = Release|iPhoneSimulator
		{08E3C478-6E0F-45D3-8E9C-09D116578C78}.Release|iPhoneSimulator.Build.0 = Release|iPhoneSimulator
		{08E3C478-6E0F-45D3-8E9C-09D116578C78}.Debug|iPhone.ActiveCfg = Debug|iPhone
		{08E3C478-6E0F-45D3-8E9C-09D116578C78}.Debug|iPhone.Build.0 = Debug|iPhone
		{2C869323-389A-4930-9403-E174F6D11BBC}.Debug|Any CPU.ActiveCfg = Debug|Any CPU
		{2C869323-389A-4930-9403-E174F6D11BBC}.Debug|Any CPU.Build.0 = Debug|Any CPU
		{2C869323-389A-4930-9403-E174F6D11BBC}.Release|Any CPU.ActiveCfg = Release|Any CPU
		{2C869323-389A-4930-9403-E174F6D11BBC}.Release|Any CPU.Build.0 = Release|Any CPU
		{2C869323-389A-4930-9403-E174F6D11BBC}.Debug|iPhoneSimulator.ActiveCfg = Debug|Any CPU
		{2C869323-389A-4930-9403-E174F6D11BBC}.Debug|iPhoneSimulator.Build.0 = Debug|Any CPU
		{2C869323-389A-4930-9403-E174F6D11BBC}.Release|iPhone.ActiveCfg = Release|Any CPU
		{2C869323-389A-4930-9403-E174F6D11BBC}.Release|iPhone.Build.0 = Release|Any CPU
		{2C869323-389A-4930-9403-E174F6D11BBC}.Release|iPhoneSimulator.ActiveCfg = Release|Any CPU
		{2C869323-389A-4930-9403-E174F6D11BBC}.Release|iPhoneSimulator.Build.0 = Release|Any CPU
		{2C869323-389A-4930-9403-E174F6D11BBC}.Debug|iPhone.ActiveCfg = Debug|Any CPU
		{2C869323-389A-4930-9403-E174F6D11BBC}.Debug|iPhone.Build.0 = Debug|Any CPU
	EndGlobalSection
EndGlobal
